
Microsoft Visual Studio Solution File, Format Version 12.00
# Visual Studio Version 17
VisualStudioVersion = 17.0.31919.166
MinimumVisualStudioVersion = 10.0.40219.1
Project("{FAE04EC0-301F-11D3-BF4B-00C04F79EFBC}") = "PriorityQueue", "PriorityQueue\PriorityQueue.csproj", "{1AA1A34D-D053-4C0D-9DE9-0BE035DD7F19}"
EndProject
Global
	GlobalSection(SolutionConfigurationPlatforms) = preSolution
		Debug|Any CPU = Debug|Any CPU
		Release|Any CPU = Release|Any CPU
	EndGlobalSection
	GlobalSection(ProjectConfigurationPlatforms) = postSolution
		{1AA1A34D-D053-4C0D-9DE9-0BE035DD7F19}.Debug|Any CPU.ActiveCfg = Debug|Any CPU
		{1AA1A34D-D053-4C0D-9DE9-0BE035DD7F19}.Debug|Any CPU.Build.0 = Debug|Any CPU
		{1AA1A34D-D053-4C0D-9DE9-0BE035DD7F19}.Release|Any CPU.ActiveCfg = Release|Any CPU
		{1AA1A34D-D053-4C0D-9DE9-0BE035DD7F19}.Release|Any CPU.Build.0 = Release|Any CPU
	EndGlobalSection
	GlobalSection(SolutionProperties) = preSolution
		HideSolutionNode = FALSE
	EndGlobalSection
	GlobalSection(ExtensibilityGlobals) = postSolution
		SolutionGuid = {CF521584-B8D2-48DF-982B-B214ACC50C41}
	EndGlobalSection
EndGlobal
